PODS:
  - AWSCore (2.4.16)
  - AWSS3 (2.4.16):
    - AWSCore (= 2.4.16)
  - BRYXBanner (0.7.1)
  - CryptoSwift (0.6.7)
  - FLAnimatedImage (1.0.12)
  - JSQMessagesViewController (7.3.4):
    - JSQSystemSoundPlayer (~> 2.0.1)
  - JSQSystemSoundPlayer (2.0.1)
  - NYTPhotoViewer (1.2.0):
    - NYTPhotoViewer/AnimatedGifSupport (= 1.2.0)
    - NYTPhotoViewer/Core (= 1.2.0)
  - NYTPhotoViewer/AnimatedGifSupport (1.2.0):
    - FLAnimatedImage (~> 1.0.12)
    - NYTPhotoViewer/Core
  - NYTPhotoViewer/Core (1.2.0)
  - SwiftDDP (0.4.0):
    - CryptoSwift (~> 0.6.6)
    - SwiftWebSocket (~> 2.6.5)
    - XCGLogger
  - SwiftWebSocket (2.6.5)
  - XCGLogger (4.0.0):
    - XCGLogger/Core (= 4.0.0)
  - XCGLogger/Core (4.0.0)

DEPENDENCIES:
  - AWSS3
  - BRYXBanner
  - CryptoSwift
  - JSQMessagesViewController
  - NYTPhotoViewer
  - SwiftDDP
  - XCGLogger

SPEC CHECKSUMS:
  AWSCore: 7c3c129991e6387bcbad7132bc3661e7135754db
  AWSS3: fef6aa8f8f625df8f67f1b6574fe761f3a4ddc99
  BRYXBanner: 34eabf9c6c009f187948ca78a4f3bba3767d0f04
  CryptoSwift: 685ae257941e5447474348a2b545583e1a16b573
  FLAnimatedImage: 4a0b56255d9b05f18b6dd7ee06871be5d3b89e31
  JSQMessagesViewController: 39fed975e3c9f8eba7292071e29eeb541d105e66
  JSQSystemSoundPlayer: c5850e77a4363ffd374cd851154b9af93264ed8d
  NYTPhotoViewer: 323217e4590a1586eb3c9674b3fefb0fb8b57896
  SwiftDDP: b575009a2c83bde917b9f2f00decada31cefd7ef
  SwiftWebSocket: 1ef8a0efb023544643bdf480c1ec4a62b204f293
  XCGLogger: 38063ea89b4c8b23232d18efd2e12eb0005f3ea4

PODFILE CHECKSUM: ebfdf1a2ba48bb91dfdc10925eec27b6015896d6

COCOAPODS: 1.1.1
