// !$*UTF8*$!
{
	archiveVersion = 1;
	classes = {
	};
	objectVersion = 46;
	objects = {

/* Begin PBXBuildFile section */
		6105C6EA1D3F958700E83D29 /* GradientViewPostDetailsScrollView.swift in Sources */ = {isa = PBXBuildFile; fileRef = 6105C6E91D3F958700E83D29 /* GradientViewPostDetailsScrollView.swift */; };
		6105C6EE1D3F970500E83D29 /* MyPostDetailsViewController.swift in Sources */ = {isa = PBXBuildFile; fileRef = 6105C6ED1D3F970500E83D29 /* MyPostDetailsViewController.swift */; };
		61C6F9071D3BED100030CC81 /* NewPostNewViewController.swift in Sources */ = {isa = PBXBuildFile; fileRef = 61C6F9021D3BED100030CC81 /* NewPostNewViewController.swift */; };
		61C6F9081D3BED100030CC81 /* DescriptionPostViewController.swift in Sources */ = {isa = PBXBuildFile; fileRef = 61C6F9031D3BED100030CC81 /* DescriptionPostViewController.swift */; };
		61C6F9091D3BED100030CC81 /* TypePostTableViewController.swift in Sources */ = {isa = PBXBuildFile; fileRef = 61C6F9041D3BED100030CC81 /* TypePostTableViewController.swift */; };
		61C6F90A1D3BED100030CC81 /* WhereViewController.swift in Sources */ = {isa = PBXBuildFile; fileRef = 61C6F9051D3BED100030CC81 /* WhereViewController.swift */; };
		61C6F90B1D3BED100030CC81 /* WhenPickDateViewController.swift in Sources */ = {isa = PBXBuildFile; fileRef = 61C6F9061D3BED100030CC81 /* WhenPickDateViewController.swift */; };
		61EA5DA31D47559700083361 /* PhotosViewController.swift in Sources */ = {isa = PBXBuildFile; fileRef = 61EA5DA21D47559600083361 /* PhotosViewController.swift */; };
		7B0B316D1CF10A8200029458 /* Photo.swift in Sources */ = {isa = PBXBuildFile; fileRef = 7B0B316C1CF10A8200029458 /* Photo.swift */; };
		7B0B31711CF127A800029458 /* AccountHandler.swift in Sources */ = {isa = PBXBuildFile; fileRef = 7B0B31701CF127A700029458 /* AccountHandler.swift */; };
		7B0B31731CF4086A00029458 /* PostDetails.swift in Sources */ = {isa = PBXBuildFile; fileRef = 7B0B31721CF4086A00029458 /* PostDetails.swift */; };
		7B1C12401D0CC19C001355AB /* ErrorCell.swift in Sources */ = {isa = PBXBuildFile; fileRef = 7B1C123F1D0CC19C001355AB /* ErrorCell.swift */; };
		7B1C12421D0CCCE9001355AB /* MessagesProxy.swift in Sources */ = {isa = PBXBuildFile; fileRef = 7B1C12411D0CCCE9001355AB /* MessagesProxy.swift */; };
		7B1C12441D0CCDD7001355AB /* Chat.swift in Sources */ = {isa = PBXBuildFile; fileRef = 7B1C12431D0CCDD7001355AB /* Chat.swift */; };
		7B1C12461D0CCEA0001355AB /* Message.swift in Sources */ = {isa = PBXBuildFile; fileRef = 7B1C12451D0CCEA0001355AB /* Message.swift */; };
		7B1C12481D0CD1CA001355AB /* MessagesCollection.swift in Sources */ = {isa = PBXBuildFile; fileRef = 7B1C12471D0CD1CA001355AB /* MessagesCollection.swift */; };
		7B26B08E1CD564E1000495EE /* MyPostsViewController.swift in Sources */ = {isa = PBXBuildFile; fileRef = 7B26B08D1CD564E1000495EE /* MyPostsViewController.swift */; };
		7B26B0921CD567D9000495EE /* list_32.png in Resources */ = {isa = PBXBuildFile; fileRef = 7B26B0911CD567D9000495EE /* list_32.png */; };
		7B26B0951CD568CB000495EE /* MessagesViewController.swift in Sources */ = {isa = PBXBuildFile; fileRef = 7B26B0941CD568CB000495EE /* MessagesViewController.swift */; };
		7B26B0971CD5BF1C000495EE /* ConstantValuesHandler.swift in Sources */ = {isa = PBXBuildFile; fileRef = 7B26B0961CD5BF1C000495EE /* ConstantValuesHandler.swift */; };
		7B26B0BB1CD655C2000495EE /* DescriptionViewController.swift in Sources */ = {isa = PBXBuildFile; fileRef = 7B26B0BA1CD655C2000495EE /* DescriptionViewController.swift */; };
		7B26B0BD1CD65652000495EE /* KeyboardManager.swift in Sources */ = {isa = PBXBuildFile; fileRef = 7B26B0BC1CD65652000495EE /* KeyboardManager.swift */; };
		7B26B19F1CD688B7000495EE /* LocationHandler.swift in Sources */ = {isa = PBXBuildFile; fileRef = 7B26B19E1CD688B7000495EE /* LocationHandler.swift */; };
		7B26B1A11CD693D5000495EE /* MapKit.framework in Frameworks */ = {isa = PBXBuildFile; fileRef = 7B26B1A01CD693D5000495EE /* MapKit.framework */; };
		7B26B1A31CD694A0000495EE /* StaticLocationViewController.swift in Sources */ = {isa = PBXBuildFile; fileRef = 7B26B1A21CD694A0000495EE /* StaticLocationViewController.swift */; };
		7B26B1A71CD6D72E000495EE /* ImagePickerHandler.swift in Sources */ = {isa = PBXBuildFile; fileRef = 7B26B1A61CD6D72E000495EE /* ImagePickerHandler.swift */; };
		7B26B1A91CD6DDA8000495EE /* SmallImageView.swift in Sources */ = {isa = PBXBuildFile; fileRef = 7B26B1A81CD6DDA8000495EE /* SmallImageView.swift */; };
		7B26B1AB1CD6DE52000495EE /* cancel.png in Resources */ = {isa = PBXBuildFile; fileRef = 7B26B1AA1CD6DE52000495EE /* cancel.png */; };
		7B26B1AF1CD99D25000495EE /* NewSearchViewController.swift in Sources */ = {isa = PBXBuildFile; fileRef = 7B26B1AE1CD99D25000495EE /* NewSearchViewController.swift */; };
		7B3564911CDAFDCE00012CA9 /* UsersProxy.swift in Sources */ = {isa = PBXBuildFile; fileRef = 7B3564901CDAFDCE00012CA9 /* UsersProxy.swift */; };
		7B3565301CDD95F900012CA9 /* CustomPhoto.swift in Sources */ = {isa = PBXBuildFile; fileRef = 7B35652F1CDD95F900012CA9 /* CustomPhoto.swift */; };
		7B3565321CE1747500012CA9 /* ResponseHelper.swift in Sources */ = {isa = PBXBuildFile; fileRef = 7B3565311CE1747500012CA9 /* ResponseHelper.swift */; };
		7B3565341CE18A5E00012CA9 /* RegisterUser.swift in Sources */ = {isa = PBXBuildFile; fileRef = 7B3565331CE18A5E00012CA9 /* RegisterUser.swift */; };
		7B35653E1CE42F8700012CA9 /* add-30.png in Resources */ = {isa = PBXBuildFile; fileRef = 7B35653D1CE42F8700012CA9 /* add-30.png */; };
		7B3565451CE7B99C00012CA9 /* MessagesTableViewCell.swift in Sources */ = {isa = PBXBuildFile; fileRef = 7B3565441CE7B99C00012CA9 /* MessagesTableViewCell.swift */; };
		7B35654A1CE7BE0100012CA9 /* DialogViewController.swift in Sources */ = {isa = PBXBuildFile; fileRef = 7B3565491CE7BE0100012CA9 /* DialogViewController.swift */; };
		7B35654E1CE7CCAF00012CA9 /* UIViewControllerExtensions.swift in Sources */ = {isa = PBXBuildFile; fileRef = 7B35654D1CE7CCAF00012CA9 /* UIViewControllerExtensions.swift */; };
		7B3565501CE7D74400012CA9 /* NotificationManager.swift in Sources */ = {isa = PBXBuildFile; fileRef = 7B35654F1CE7D74400012CA9 /* NotificationManager.swift */; };
		7B3565521CE7DF5A00012CA9 /* PostsProxy.swift in Sources */ = {isa = PBXBuildFile; fileRef = 7B3565511CE7DF5A00012CA9 /* PostsProxy.swift */; };
		7B3565541CE8311100012CA9 /* DictionaryInitilizable.swift in Sources */ = {isa = PBXBuildFile; fileRef = 7B3565531CE8311100012CA9 /* DictionaryInitilizable.swift */; };
		7B3565591CE922DE00012CA9 /* NavigationControllerBase.swift in Sources */ = {isa = PBXBuildFile; fileRef = 7B3565581CE922DE00012CA9 /* NavigationControllerBase.swift */; };
		7B35655B1CE9259E00012CA9 /* MessagesProvider.swift in Sources */ = {isa = PBXBuildFile; fileRef = 7B35655A1CE9259E00012CA9 /* MessagesProvider.swift */; };
		7B35655F1CE92C1F00012CA9 /* Reachability.swift in Sources */ = {isa = PBXBuildFile; fileRef = 7B35655E1CE92C1F00012CA9 /* Reachability.swift */; };
		7B3565611CE93E0800012CA9 /* CachingHandler.swift in Sources */ = {isa = PBXBuildFile; fileRef = 7B3565601CE93E0800012CA9 /* CachingHandler.swift */; };
		7B86FFD91D3BFAB7008343B3 /* PushNotificationsHandler.swift in Sources */ = {isa = PBXBuildFile; fileRef = 7B86FFD81D3BFAB7008343B3 /* PushNotificationsHandler.swift */; };
		7BB2A7D91CCC18D200AD636D /* PostsTableViewCell.swift in Sources */ = {isa = PBXBuildFile; fileRef = 7BB2A7D81CCC18D200AD636D /* PostsTableViewCell.swift */; };
		7BB2A7DC1CCC19DE00AD636D /* Post.swift in Sources */ = {isa = PBXBuildFile; fileRef = 7BB2A7DB1CCC19DE00AD636D /* Post.swift */; };
		7BB2A7DF1CCC1BF900AD636D /* ConnectionHandler.swift in Sources */ = {isa = PBXBuildFile; fileRef = 7BB2A7DE1CCC1BF900AD636D /* ConnectionHandler.swift */; };
		7BB2A7E11CCC217C00AD636D /* PostsCollection.swift in Sources */ = {isa = PBXBuildFile; fileRef = 7BB2A7E01CCC217C00AD636D /* PostsCollection.swift */; };
		7BB2A7E51CCC431700AD636D /* Image.swift in Sources */ = {isa = PBXBuildFile; fileRef = 7BB2A7E41CCC431700AD636D /* Image.swift */; };
		7BB2A7EA1CCC4DCF00AD636D /* clipping_picture.png in Resources */ = {isa = PBXBuildFile; fileRef = 7BB2A7E91CCC4DCF00AD636D /* clipping_picture.png */; };
		7BB2A7EC1CCC58D600AD636D /* ImageCachingHandler.swift in Sources */ = {isa = PBXBuildFile; fileRef = 7BB2A7EB1CCC58D600AD636D /* ImageCachingHandler.swift */; };
		7BB2A7EE1CCC73B700AD636D /* PostDetailsViewController.swift in Sources */ = {isa = PBXBuildFile; fileRef = 7BB2A7ED1CCC73B700AD636D /* PostDetailsViewController.swift */; };
		7BB2A7F21CCD125800AD636D /* message.png in Resources */ = {isa = PBXBuildFile; fileRef = 7BB2A7F11CCD125800AD636D /* message.png */; };
		7BB2A7F41CCD17A000AD636D /* ImagesScrollViewDelegate.swift in Sources */ = {isa = PBXBuildFile; fileRef = 7BB2A7F31CCD17A000AD636D /* ImagesScrollViewDelegate.swift */; };
		7BB2A7F81CCD8EC500AD636D /* Extensions.swift in Sources */ = {isa = PBXBuildFile; fileRef = 7BB2A7F71CCD8EC500AD636D /* Extensions.swift */; };
		7BB2A7FA1CCD91CD00AD636D /* eye.png in Resources */ = {isa = PBXBuildFile; fileRef = 7BB2A7F91CCD91CD00AD636D /* eye.png */; };
		7BB2A7FE1CCD953B00AD636D /* show_offliners.png in Resources */ = {isa = PBXBuildFile; fileRef = 7BB2A7FD1CCD953B00AD636D /* show_offliners.png */; };
		7BB2A8011CCD96C000AD636D /* LogInViewController.swift in Sources */ = {isa = PBXBuildFile; fileRef = 7BB2A8001CCD96C000AD636D /* LogInViewController.swift */; };
		7BB2A8031CCDA15500AD636D /* RegisterViewController.swift in Sources */ = {isa = PBXBuildFile; fileRef = 7BB2A8021CCDA15500AD636D /* RegisterViewController.swift */; };
		7BB2A8051CCDA58C00AD636D /* NewPostViewController.swift in Sources */ = {isa = PBXBuildFile; fileRef = 7BB2A8041CCDA58C00AD636D /* NewPostViewController.swift */; };
		7BB2A8071CCF0EBC00AD636D /* ThreadHelper.swift in Sources */ = {isa = PBXBuildFile; fileRef = 7BB2A8061CCF0EBC00AD636D /* ThreadHelper.swift */; };
		7BB2A80B1CCF15D000AD636D /* User.swift in Sources */ = {isa = PBXBuildFile; fileRef = 7BB2A80A1CCF15D000AD636D /* User.swift */; };
		7BB2A80F1CCF199D00AD636D /* ProfileDetail.swift in Sources */ = {isa = PBXBuildFile; fileRef = 7BB2A80E1CCF199D00AD636D /* ProfileDetail.swift */; };
		7BB2A8131CD30AD700AD636D /* ProfileViewController.swift in Sources */ = {isa = PBXBuildFile; fileRef = 7BB2A8121CD30AD700AD636D /* ProfileViewController.swift */; };
		7BB2A8151CD5245500AD636D /* Location.swift in Sources */ = {isa = PBXBuildFile; fileRef = 7BB2A8141CD5245500AD636D /* Location.swift */; };
		7BB2A8171CD53B9600AD636D /* facebook.png in Resources */ = {isa = PBXBuildFile; fileRef = 7BB2A8161CD53B9600AD636D /* facebook.png */; };
		7BB2A8191CD53BC200AD636D /* twitter.png in Resources */ = {isa = PBXBuildFile; fileRef = 7BB2A8181CD53BC200AD636D /* twitter.png */; };
		7BB2A81B1CD53BF500AD636D /* vk.png in Resources */ = {isa = PBXBuildFile; fileRef = 7BB2A81A1CD53BF500AD636D /* vk.png */; };
		7BC0A21C1CCC15E700DA2824 /* AppDelegate.swift in Sources */ = {isa = PBXBuildFile; fileRef = 7BC0A21B1CCC15E700DA2824 /* AppDelegate.swift */; };
		7BC0A21E1CCC15E700DA2824 /* MainViewController.swift in Sources */ = {isa = PBXBuildFile; fileRef = 7BC0A21D1CCC15E700DA2824 /* MainViewController.swift */; };
		7BC0A2231CCC15E700DA2824 /* Assets.xcassets in Resources */ = {isa = PBXBuildFile; fileRef = 7BC0A2221CCC15E700DA2824 /* Assets.xcassets */; };
		7BC0A2261CCC15E700DA2824 /* LaunchScreen.storyboard in Resources */ = {isa = PBXBuildFile; fileRef = 7BC0A2241CCC15E700DA2824 /* LaunchScreen.storyboard */; };
		7BC0A2301CCC160C00DA2824 /* SettingsTableViewController.swift in Sources */ = {isa = PBXBuildFile; fileRef = 7BC0A22D1CCC160C00DA2824 /* SettingsTableViewController.swift */; };
		7BC0A2311CCC160C00DA2824 /* SearchViewController.swift in Sources */ = {isa = PBXBuildFile; fileRef = 7BC0A22E1CCC160C00DA2824 /* SearchViewController.swift */; };
		7BC0A2321CCC160C00DA2824 /* PostsViewController.swift in Sources */ = {isa = PBXBuildFile; fileRef = 7BC0A22F1CCC160C00DA2824 /* PostsViewController.swift */; };
		7BC0A2341CCC161A00DA2824 /* Main.storyboard in Resources */ = {isa = PBXBuildFile; fileRef = 7BC0A2331CCC161A00DA2824 /* Main.storyboard */; };
		7BC0A23D1CCC164100DA2824 /* lock_open.png in Resources */ = {isa = PBXBuildFile; fileRef = 7BC0A2361CCC164100DA2824 /* lock_open.png */; };
		7BC0A23E1CCC164100DA2824 /* lock_closed.png in Resources */ = {isa = PBXBuildFile; fileRef = 7BC0A2371CCC164100DA2824 /* lock_closed.png */; };
		7BC0A23F1CCC164100DA2824 /* 0cc95ddb-5d08-bb5b-4ab3-73ad6ca7eef4.png in Resources */ = {isa = PBXBuildFile; fileRef = 7BC0A2381CCC164100DA2824 /* 0cc95ddb-5d08-bb5b-4ab3-73ad6ca7eef4.png */; };
		7BC0A2401CCC164100DA2824 /* 4e8d07ec-1f6d-a5d6-31d0-cc32f7305464.png in Resources */ = {isa = PBXBuildFile; fileRef = 7BC0A2391CCC164100DA2824 /* 4e8d07ec-1f6d-a5d6-31d0-cc32f7305464.png */; };
		7BC0A2411CCC164100DA2824 /* fdd6dfea-3666-5d7f-10ca-9dcac031634f.png in Resources */ = {isa = PBXBuildFile; fileRef = 7BC0A23A1CCC164100DA2824 /* fdd6dfea-3666-5d7f-10ca-9dcac031634f.png */; };
		7BC0A2421CCC164100DA2824 /* home.png in Resources */ = {isa = PBXBuildFile; fileRef = 7BC0A23B1CCC164100DA2824 /* home.png */; };
		7BC0A2431CCC164100DA2824 /* id-card.png in Resources */ = {isa = PBXBuildFile; fileRef = 7BC0A23C1CCC164100DA2824 /* id-card.png */; };
		7BC6BE5C1CFD060500664803 /* ValuePickerViewController.swift in Sources */ = {isa = PBXBuildFile; fileRef = 7BC6BE5B1CFD060500664803 /* ValuePickerViewController.swift */; };
		7BFFB1001D2042DA007CCF87 /* MessageToSend.swift in Sources */ = {isa = PBXBuildFile; fileRef = 7BFFB0FF1D2042DA007CCF87 /* MessageToSend.swift */; };
		7BFFB1021D20445A007CCF87 /* MessagesHandler.swift in Sources */ = {isa = PBXBuildFile; fileRef = 7BFFB1011D20445A007CCF87 /* MessagesHandler.swift */; };
		7BFFB1061D2081CE007CCF87 /* FBSDKCoreKit.framework in Frameworks */ = {isa = PBXBuildFile; fileRef = 7BFFB1031D2081CE007CCF87 /* FBSDKCoreKit.framework */; };
		7BFFB1071D2081CE007CCF87 /* FBSDKLoginKit.framework in Frameworks */ = {isa = PBXBuildFile; fileRef = 7BFFB1041D2081CE007CCF87 /* FBSDKLoginKit.framework */; };
		7BFFB1081D2081CE007CCF87 /* FBSDKShareKit.framework in Frameworks */ = {isa = PBXBuildFile; fileRef = 7BFFB1051D2081CE007CCF87 /* FBSDKShareKit.framework */; };
		DA74BAEA2B14C252B3F9A418 /* Pods_Shiners.framework in Frameworks */ = {isa = PBXBuildFile; fileRef = 643ABEB340B81A6AB08AFEC7 /* Pods_Shiners.framework */; };
/* End PBXBuildFile section */

/* Begin PBXFileReference section */
		1F147896ADC1A887A2D48487 /* Pods-Shiners.debug.xcconfig */ = {isa = PBXFileReference; includeInIndex = 1; lastKnownFileType = text.xcconfig; name = "Pods-Shiners.debug.xcconfig"; path = "Pods/Target Support Files/Pods-Shiners/Pods-Shiners.debug.xcconfig"; sourceTree = "<group>"; };
		6105C6E91D3F958700E83D29 /* GradientViewPostDetailsScrollView.swift */ = {isa = PBXFileReference; fileEncoding = 4; lastKnownFileType = sourcecode.swift; path = GradientViewPostDetailsScrollView.swift; sourceTree = "<group>"; };
		6105C6ED1D3F970500E83D29 /* MyPostDetailsViewController.swift */ = {isa = PBXFileReference; fileEncoding = 4; lastKnownFileType = sourcecode.swift; name = MyPostDetailsViewController.swift; path = ../MyPostDetailsViewController.swift; sourceTree = "<group>"; };
		61C6F9021D3BED100030CC81 /* NewPostNewViewController.swift */ = {isa = PBXFileReference; fileEncoding = 4; lastKnownFileType = sourcecode.swift; path = NewPostNewViewController.swift; sourceTree = "<group>"; };
		61C6F9031D3BED100030CC81 /* DescriptionPostViewController.swift */ = {isa = PBXFileReference; fileEncoding = 4; lastKnownFileType = sourcecode.swift; path = DescriptionPostViewController.swift; sourceTree = "<group>"; };
		61C6F9041D3BED100030CC81 /* TypePostTableViewController.swift */ = {isa = PBXFileReference; fileEncoding = 4; lastKnownFileType = sourcecode.swift; path = TypePostTableViewController.swift; sourceTree = "<group>"; };
		61C6F9051D3BED100030CC81 /* WhereViewController.swift */ = {isa = PBXFileReference; fileEncoding = 4; lastKnownFileType = sourcecode.swift; path = WhereViewController.swift; sourceTree = "<group>"; };
		61C6F9061D3BED100030CC81 /* WhenPickDateViewController.swift */ = {isa = PBXFileReference; fileEncoding = 4; lastKnownFileType = sourcecode.swift; path = WhenPickDateViewController.swift; sourceTree = "<group>"; };
		61EA5DA21D47559600083361 /* PhotosViewController.swift */ = {isa = PBXFileReference; fileEncoding = 4; lastKnownFileType = sourcecode.swift; path = PhotosViewController.swift; sourceTree = "<group>"; };
		643ABEB340B81A6AB08AFEC7 /* Pods_Shiners.framework */ = {isa = PBXFileReference; explicitFileType = wrapper.framework; includeInIndex = 0; path = Pods_Shiners.framework; sourceTree = BUILT_PRODUCTS_DIR; };
		7B0B316C1CF10A8200029458 /* Photo.swift */ = {isa = PBXFileReference; fileEncoding = 4; lastKnownFileType = sourcecode.swift; path = Photo.swift; sourceTree = "<group>"; };
		7B0B31701CF127A700029458 /* AccountHandler.swift */ = {isa = PBXFileReference; fileEncoding = 4; lastKnownFileType = sourcecode.swift; path = AccountHandler.swift; sourceTree = "<group>"; };
		7B0B31721CF4086A00029458 /* PostDetails.swift */ = {isa = PBXFileReference; fileEncoding = 4; lastKnownFileType = sourcecode.swift; path = PostDetails.swift; sourceTree = "<group>"; };
		7B1C123F1D0CC19C001355AB /* ErrorCell.swift */ = {isa = PBXFileReference; fileEncoding = 4; lastKnownFileType = sourcecode.swift; path = ErrorCell.swift; sourceTree = "<group>"; };
		7B1C12411D0CCCE9001355AB /* MessagesProxy.swift */ = {isa = PBXFileReference; fileEncoding = 4; lastKnownFileType = sourcecode.swift; path = MessagesProxy.swift; sourceTree = "<group>"; };
		7B1C12431D0CCDD7001355AB /* Chat.swift */ = {isa = PBXFileReference; fileEncoding = 4; lastKnownFileType = sourcecode.swift; path = Chat.swift; sourceTree = "<group>"; };
		7B1C12451D0CCEA0001355AB /* Message.swift */ = {isa = PBXFileReference; fileEncoding = 4; lastKnownFileType = sourcecode.swift; path = Message.swift; sourceTree = "<group>"; };
		7B1C12471D0CD1CA001355AB /* MessagesCollection.swift */ = {isa = PBXFileReference; fileEncoding = 4; lastKnownFileType = sourcecode.swift; path = MessagesCollection.swift; sourceTree = "<group>"; };
		7B26B08D1CD564E1000495EE /* MyPostsViewController.swift */ = {isa = PBXFileReference; fileEncoding = 4; lastKnownFileType = sourcecode.swift; path = MyPostsViewController.swift; sourceTree = "<group>"; };
		7B26B0911CD567D9000495EE /* list_32.png */ = {isa = PBXFileReference; lastKnownFileType = image.png; path = list_32.png; sourceTree = "<group>"; };
		7B26B0941CD568CB000495EE /* MessagesViewController.swift */ = {isa = PBXFileReference; fileEncoding = 4; lastKnownFileType = sourcecode.swift; path = MessagesViewController.swift; sourceTree = "<group>"; };
		7B26B0961CD5BF1C000495EE /* ConstantValuesHandler.swift */ = {isa = PBXFileReference; fileEncoding = 4; lastKnownFileType = sourcecode.swift; path = ConstantValuesHandler.swift; sourceTree = "<group>"; };
		7B26B0BA1CD655C2000495EE /* DescriptionViewController.swift */ = {isa = PBXFileReference; fileEncoding = 4; lastKnownFileType = sourcecode.swift; path = DescriptionViewController.swift; sourceTree = "<group>"; };
		7B26B0BC1CD65652000495EE /* KeyboardManager.swift */ = {isa = PBXFileReference; fileEncoding = 4; lastKnownFileType = sourcecode.swift; path = KeyboardManager.swift; sourceTree = "<group>"; };
		7B26B19E1CD688B7000495EE /* LocationHandler.swift */ = {isa = PBXFileReference; fileEncoding = 4; lastKnownFileType = sourcecode.swift; path = LocationHandler.swift; sourceTree = "<group>"; };
		7B26B1A01CD693D5000495EE /* MapKit.framework */ = {isa = PBXFileReference; lastKnownFileType = wrapper.framework; name = MapKit.framework; path = System/Library/Frameworks/MapKit.framework; sourceTree = SDKROOT; };
		7B26B1A21CD694A0000495EE /* StaticLocationViewController.swift */ = {isa = PBXFileReference; fileEncoding = 4; lastKnownFileType = sourcecode.swift; path = StaticLocationViewController.swift; sourceTree = "<group>"; };
		7B26B1A61CD6D72E000495EE /* ImagePickerHandler.swift */ = {isa = PBXFileReference; fileEncoding = 4; lastKnownFileType = sourcecode.swift; path = ImagePickerHandler.swift; sourceTree = "<group>"; };
		7B26B1A81CD6DDA8000495EE /* SmallImageView.swift */ = {isa = PBXFileReference; fileEncoding = 4; lastKnownFileType = sourcecode.swift; path = SmallImageView.swift; sourceTree = "<group>"; };
		7B26B1AA1CD6DE52000495EE /* cancel.png */ = {isa = PBXFileReference; lastKnownFileType = image.png; path = cancel.png; sourceTree = "<group>"; };
		7B26B1AE1CD99D25000495EE /* NewSearchViewController.swift */ = {isa = PBXFileReference; fileEncoding = 4; lastKnownFileType = sourcecode.swift; path = NewSearchViewController.swift; sourceTree = "<group>"; };
		7B3564901CDAFDCE00012CA9 /* UsersProxy.swift */ = {isa = PBXFileReference; fileEncoding = 4; lastKnownFileType = sourcecode.swift; path = UsersProxy.swift; sourceTree = "<group>"; };
		7B35652F1CDD95F900012CA9 /* CustomPhoto.swift */ = {isa = PBXFileReference; fileEncoding = 4; lastKnownFileType = sourcecode.swift; path = CustomPhoto.swift; sourceTree = "<group>"; };
		7B3565311CE1747500012CA9 /* ResponseHelper.swift */ = {isa = PBXFileReference; fileEncoding = 4; lastKnownFileType = sourcecode.swift; path = ResponseHelper.swift; sourceTree = "<group>"; };
		7B3565331CE18A5E00012CA9 /* RegisterUser.swift */ = {isa = PBXFileReference; fileEncoding = 4; lastKnownFileType = sourcecode.swift; path = RegisterUser.swift; sourceTree = "<group>"; };
		7B35653D1CE42F8700012CA9 /* add-30.png */ = {isa = PBXFileReference; lastKnownFileType = image.png; path = "add-30.png"; sourceTree = "<group>"; };
		7B3565441CE7B99C00012CA9 /* MessagesTableViewCell.swift */ = {isa = PBXFileReference; fileEncoding = 4; lastKnownFileType = sourcecode.swift; path = MessagesTableViewCell.swift; sourceTree = "<group>"; };
		7B3565491CE7BE0100012CA9 /* DialogViewController.swift */ = {isa = PBXFileReference; fileEncoding = 4; lastKnownFileType = sourcecode.swift; path = DialogViewController.swift; sourceTree = "<group>"; };
		7B35654D1CE7CCAF00012CA9 /* UIViewControllerExtensions.swift */ = {isa = PBXFileReference; fileEncoding = 4; lastKnownFileType = sourcecode.swift; path = UIViewControllerExtensions.swift; sourceTree = "<group>"; };
		7B35654F1CE7D74400012CA9 /* NotificationManager.swift */ = {isa = PBXFileReference; fileEncoding = 4; lastKnownFileType = sourcecode.swift; path = NotificationManager.swift; sourceTree = "<group>"; };
		7B3565511CE7DF5A00012CA9 /* PostsProxy.swift */ = {isa = PBXFileReference; fileEncoding = 4; lastKnownFileType = sourcecode.swift; path = PostsProxy.swift; sourceTree = "<group>"; };
		7B3565531CE8311100012CA9 /* DictionaryInitilizable.swift */ = {isa = PBXFileReference; fileEncoding = 4; lastKnownFileType = sourcecode.swift; path = DictionaryInitilizable.swift; sourceTree = "<group>"; };
		7B3565581CE922DE00012CA9 /* NavigationControllerBase.swift */ = {isa = PBXFileReference; fileEncoding = 4; lastKnownFileType = sourcecode.swift; path = NavigationControllerBase.swift; sourceTree = "<group>"; };
		7B35655A1CE9259E00012CA9 /* MessagesProvider.swift */ = {isa = PBXFileReference; fileEncoding = 4; lastKnownFileType = sourcecode.swift; path = MessagesProvider.swift; sourceTree = "<group>"; };
		7B35655E1CE92C1F00012CA9 /* Reachability.swift */ = {isa = PBXFileReference; fileEncoding = 4; lastKnownFileType = sourcecode.swift; path = Reachability.swift; sourceTree = "<group>"; };
		7B3565601CE93E0800012CA9 /* CachingHandler.swift */ = {isa = PBXFileReference; fileEncoding = 4; lastKnownFileType = sourcecode.swift; path = CachingHandler.swift; sourceTree = "<group>"; };
		7B86FFD81D3BFAB7008343B3 /* PushNotificationsHandler.swift */ = {isa = PBXFileReference; fileEncoding = 4; lastKnownFileType = sourcecode.swift; path = PushNotificationsHandler.swift; sourceTree = "<group>"; };
		7BB2A7D81CCC18D200AD636D /* PostsTableViewCell.swift */ = {isa = PBXFileReference; fileEncoding = 4; lastKnownFileType = sourcecode.swift; path = PostsTableViewCell.swift; sourceTree = "<group>"; };
		7BB2A7DB1CCC19DE00AD636D /* Post.swift */ = {isa = PBXFileReference; fileEncoding = 4; lastKnownFileType = sourcecode.swift; path = Post.swift; sourceTree = "<group>"; };
		7BB2A7DE1CCC1BF900AD636D /* ConnectionHandler.swift */ = {isa = PBXFileReference; fileEncoding = 4; lastKnownFileType = sourcecode.swift; path = ConnectionHandler.swift; sourceTree = "<group>"; };
		7BB2A7E01CCC217C00AD636D /* PostsCollection.swift */ = {isa = PBXFileReference; fileEncoding = 4; lastKnownFileType = sourcecode.swift; path = PostsCollection.swift; sourceTree = "<group>"; };
		7BB2A7E41CCC431700AD636D /* Image.swift */ = {isa = PBXFileReference; fileEncoding = 4; lastKnownFileType = sourcecode.swift; path = Image.swift; sourceTree = "<group>"; };
		7BB2A7E91CCC4DCF00AD636D /* clipping_picture.png */ = {isa = PBXFileReference; lastKnownFileType = image.png; path = clipping_picture.png; sourceTree = "<group>"; };
		7BB2A7EB1CCC58D600AD636D /* ImageCachingHandler.swift */ = {isa = PBXFileReference; fileEncoding = 4; lastKnownFileType = sourcecode.swift; path = ImageCachingHandler.swift; sourceTree = "<group>"; };
		7BB2A7ED1CCC73B700AD636D /* PostDetailsViewController.swift */ = {isa = PBXFileReference; fileEncoding = 4; lastKnownFileType = sourcecode.swift; path = PostDetailsViewController.swift; sourceTree = "<group>"; };
		7BB2A7F11CCD125800AD636D /* message.png */ = {isa = PBXFileReference; lastKnownFileType = image.png; path = message.png; sourceTree = "<group>"; };
		7BB2A7F31CCD17A000AD636D /* ImagesScrollViewDelegate.swift */ = {isa = PBXFileReference; fileEncoding = 4; lastKnownFileType = sourcecode.swift; path = ImagesScrollViewDelegate.swift; sourceTree = "<group>"; };
		7BB2A7F71CCD8EC500AD636D /* Extensions.swift */ = {isa = PBXFileReference; fileEncoding = 4; lastKnownFileType = sourcecode.swift; path = Extensions.swift; sourceTree = "<group>"; };
		7BB2A7F91CCD91CD00AD636D /* eye.png */ = {isa = PBXFileReference; lastKnownFileType = image.png; path = eye.png; sourceTree = "<group>"; };
		7BB2A7FD1CCD953B00AD636D /* show_offliners.png */ = {isa = PBXFileReference; lastKnownFileType = image.png; path = show_offliners.png; sourceTree = "<group>"; };
		7BB2A8001CCD96C000AD636D /* LogInViewController.swift */ = {isa = PBXFileReference; fileEncoding = 4; lastKnownFileType = sourcecode.swift; path = LogInViewController.swift; sourceTree = "<group>"; };
		7BB2A8021CCDA15500AD636D /* RegisterViewController.swift */ = {isa = PBXFileReference; fileEncoding = 4; lastKnownFileType = sourcecode.swift; path = RegisterViewController.swift; sourceTree = "<group>"; };
		7BB2A8041CCDA58C00AD636D /* NewPostViewController.swift */ = {isa = PBXFileReference; fileEncoding = 4; lastKnownFileType = sourcecode.swift; path = NewPostViewController.swift; sourceTree = "<group>"; };
		7BB2A8061CCF0EBC00AD636D /* ThreadHelper.swift */ = {isa = PBXFileReference; fileEncoding = 4; lastKnownFileType = sourcecode.swift; path = ThreadHelper.swift; sourceTree = "<group>"; };
		7BB2A80A1CCF15D000AD636D /* User.swift */ = {isa = PBXFileReference; fileEncoding = 4; lastKnownFileType = sourcecode.swift; path = User.swift; sourceTree = "<group>"; };
		7BB2A80E1CCF199D00AD636D /* ProfileDetail.swift */ = {isa = PBXFileReference; fileEncoding = 4; lastKnownFileType = sourcecode.swift; path = ProfileDetail.swift; sourceTree = "<group>"; };
		7BB2A8121CD30AD700AD636D /* ProfileViewController.swift */ = {isa = PBXFileReference; fileEncoding = 4; lastKnownFileType = sourcecode.swift; path = ProfileViewController.swift; sourceTree = "<group>"; };
		7BB2A8141CD5245500AD636D /* Location.swift */ = {isa = PBXFileReference; fileEncoding = 4; lastKnownFileType = sourcecode.swift; path = Location.swift; sourceTree = "<group>"; };
		7BB2A8161CD53B9600AD636D /* facebook.png */ = {isa = PBXFileReference; lastKnownFileType = image.png; path = facebook.png; sourceTree = "<group>"; };
		7BB2A8181CD53BC200AD636D /* twitter.png */ = {isa = PBXFileReference; lastKnownFileType = image.png; path = twitter.png; sourceTree = "<group>"; };
		7BB2A81A1CD53BF500AD636D /* vk.png */ = {isa = PBXFileReference; lastKnownFileType = image.png; path = vk.png; sourceTree = "<group>"; };
		7BC0A2181CCC15E700DA2824 /* Shiners.app */ = {isa = PBXFileReference; explicitFileType = wrapper.application; includeInIndex = 0; path = Shiners.app; sourceTree = BUILT_PRODUCTS_DIR; };
		7BC0A21B1CCC15E700DA2824 /* AppDelegate.swift */ = {isa = PBXFileReference; lastKnownFileType = sourcecode.swift; path = AppDelegate.swift; sourceTree = "<group>"; };
		7BC0A21D1CCC15E700DA2824 /* MainViewController.swift */ = {isa = PBXFileReference; lastKnownFileType = sourcecode.swift; path = MainViewController.swift; sourceTree = "<group>"; };
		7BC0A2221CCC15E700DA2824 /* Assets.xcassets */ = {isa = PBXFileReference; lastKnownFileType = folder.assetcatalog; path = Assets.xcassets; sourceTree = "<group>"; };
		7BC0A2251CCC15E700DA2824 /* Base */ = {isa = PBXFileReference; lastKnownFileType = file.storyboard; name = Base; path = Base.lproj/LaunchScreen.storyboard; sourceTree = "<group>"; };
		7BC0A2271CCC15E700DA2824 /* Info.plist */ = {isa = PBXFileReference; lastKnownFileType = text.plist.xml; path = Info.plist; sourceTree = "<group>"; };
		7BC0A22D1CCC160C00DA2824 /* SettingsTableViewController.swift */ = {isa = PBXFileReference; fileEncoding = 4; lastKnownFileType = sourcecode.swift; path = SettingsTableViewController.swift; sourceTree = "<group>"; };
		7BC0A22E1CCC160C00DA2824 /* SearchViewController.swift */ = {isa = PBXFileReference; fileEncoding = 4; lastKnownFileType = sourcecode.swift; path = SearchViewController.swift; sourceTree = "<group>"; };
		7BC0A22F1CCC160C00DA2824 /* PostsViewController.swift */ = {isa = PBXFileReference; fileEncoding = 4; lastKnownFileType = sourcecode.swift; path = PostsViewController.swift; sourceTree = "<group>"; };
		7BC0A2331CCC161A00DA2824 /* Main.storyboard */ = {isa = PBXFileReference; fileEncoding = 4; lastKnownFileType = file.storyboard; path = Main.storyboard; sourceTree = "<group>"; };
		7BC0A2361CCC164100DA2824 /* lock_open.png */ = {isa = PBXFileReference; lastKnownFileType = image.png; path = lock_open.png; sourceTree = "<group>"; };
		7BC0A2371CCC164100DA2824 /* lock_closed.png */ = {isa = PBXFileReference; lastKnownFileType = image.png; path = lock_closed.png; sourceTree = "<group>"; };
		7BC0A2381CCC164100DA2824 /* 0cc95ddb-5d08-bb5b-4ab3-73ad6ca7eef4.png */ = {isa = PBXFileReference; lastKnownFileType = image.png; path = "0cc95ddb-5d08-bb5b-4ab3-73ad6ca7eef4.png"; sourceTree = "<group>"; };
		7BC0A2391CCC164100DA2824 /* 4e8d07ec-1f6d-a5d6-31d0-cc32f7305464.png */ = {isa = PBXFileReference; lastKnownFileType = image.png; path = "4e8d07ec-1f6d-a5d6-31d0-cc32f7305464.png"; sourceTree = "<group>"; };
		7BC0A23A1CCC164100DA2824 /* fdd6dfea-3666-5d7f-10ca-9dcac031634f.png */ = {isa = PBXFileReference; lastKnownFileType = image.png; path = "fdd6dfea-3666-5d7f-10ca-9dcac031634f.png"; sourceTree = "<group>"; };
		7BC0A23B1CCC164100DA2824 /* home.png */ = {isa = PBXFileReference; lastKnownFileType = image.png; path = home.png; sourceTree = "<group>"; };
		7BC0A23C1CCC164100DA2824 /* id-card.png */ = {isa = PBXFileReference; lastKnownFileType = image.png; path = "id-card.png"; sourceTree = "<group>"; };
		7BC6BE5B1CFD060500664803 /* ValuePickerViewController.swift */ = {isa = PBXFileReference; fileEncoding = 4; lastKnownFileType = sourcecode.swift; path = ValuePickerViewController.swift; sourceTree = "<group>"; };
		7BFFB0FF1D2042DA007CCF87 /* MessageToSend.swift */ = {isa = PBXFileReference; fileEncoding = 4; lastKnownFileType = sourcecode.swift; path = MessageToSend.swift; sourceTree = "<group>"; };
		7BFFB1011D20445A007CCF87 /* MessagesHandler.swift */ = {isa = PBXFileReference; fileEncoding = 4; lastKnownFileType = sourcecode.swift; path = MessagesHandler.swift; sourceTree = "<group>"; };
		7BFFB1031D2081CE007CCF87 /* FBSDKCoreKit.framework */ = {isa = PBXFileReference; lastKnownFileType = wrapper.framework; path = FBSDKCoreKit.framework; sourceTree = "<group>"; };
		7BFFB1041D2081CE007CCF87 /* FBSDKLoginKit.framework */ = {isa = PBXFileReference; lastKnownFileType = wrapper.framework; path = FBSDKLoginKit.framework; sourceTree = "<group>"; };
		7BFFB1051D2081CE007CCF87 /* FBSDKShareKit.framework */ = {isa = PBXFileReference; lastKnownFileType = wrapper.framework; path = FBSDKShareKit.framework; sourceTree = "<group>"; };
		D9E569692E2B1B62B7F114B8 /* Pods-Shiners.release.xcconfig */ = {isa = PBXFileReference; includeInIndex = 1; lastKnownFileType = text.xcconfig; name = "Pods-Shiners.release.xcconfig"; path = "Pods/Target Support Files/Pods-Shiners/Pods-Shiners.release.xcconfig"; sourceTree = "<group>"; };
		FB11C1D7A4B55954320FBCF1 /* Pods.framework */ = {isa = PBXFileReference; explicitFileType = wrapper.framework; includeInIndex = 0; path = Pods.framework; sourceTree = BUILT_PRODUCTS_DIR; };
/* End PBXFileReference section */

/* Begin PBXFrameworksBuildPhase section */
		7BC0A2151CCC15E700DA2824 /* Frameworks */ = {
			isa = PBXFrameworksBuildPhase;
			buildActionMask = 2147483647;
			files = (
				7B26B1A11CD693D5000495EE /* MapKit.framework in Frameworks */,
				7BFFB1061D2081CE007CCF87 /* FBSDKCoreKit.framework in Frameworks */,
				7BFFB1081D2081CE007CCF87 /* FBSDKShareKit.framework in Frameworks */,
				7BFFB1071D2081CE007CCF87 /* FBSDKLoginKit.framework in Frameworks */,
				DA74BAEA2B14C252B3F9A418 /* Pods_Shiners.framework in Frameworks */,
			);
			runOnlyForDeploymentPostprocessing = 0;
		};
/* End PBXFrameworksBuildPhase section */

/* Begin PBXGroup section */
		518B03E116AE384297350BB0 /* Pods */ = {
			isa = PBXGroup;
			children = (
				1F147896ADC1A887A2D48487 /* Pods-Shiners.debug.xcconfig */,
				D9E569692E2B1B62B7F114B8 /* Pods-Shiners.release.xcconfig */,
			);
			name = Pods;
			sourceTree = "<group>";
		};
		61C6F9011D3BEC150030CC81 /* wizard */ = {
			isa = PBXGroup;
			children = (
				61C6F9021D3BED100030CC81 /* NewPostNewViewController.swift */,
				61C6F9031D3BED100030CC81 /* DescriptionPostViewController.swift */,
				61C6F9041D3BED100030CC81 /* TypePostTableViewController.swift */,
				61C6F9051D3BED100030CC81 /* WhereViewController.swift */,
				61C6F9061D3BED100030CC81 /* WhenPickDateViewController.swift */,
			);
			name = wizard;
			sourceTree = "<group>";
		};
		7B26B0931CD568B5000495EE /* Messages */ = {
			isa = PBXGroup;
			children = (
				7B26B0941CD568CB000495EE /* MessagesViewController.swift */,
				7B3565441CE7B99C00012CA9 /* MessagesTableViewCell.swift */,
				7B3565491CE7BE0100012CA9 /* DialogViewController.swift */,
			);
			name = Messages;
			sourceTree = "<group>";
		};
		7B35648F1CDAFDC300012CA9 /* Proxies */ = {
			isa = PBXGroup;
			children = (
				7B3564901CDAFDCE00012CA9 /* UsersProxy.swift */,
				7B3565511CE7DF5A00012CA9 /* PostsProxy.swift */,
				7B1C12411D0CCCE9001355AB /* MessagesProxy.swift */,
			);
			name = Proxies;
			sourceTree = "<group>";
		};
		7B3565461CE7B9A100012CA9 /* UI */ = {
			isa = PBXGroup;
			children = (
				7B3565571CE922C500012CA9 /* Common */,
				7BB2A7D71CCC18B000AD636D /* Posts */,
				7BB2A7FF1CCD967300AD636D /* Settings */,
				7B26B0931CD568B5000495EE /* Messages */,
			);
			name = UI;
			sourceTree = "<group>";
		};
		7B3565571CE922C500012CA9 /* Common */ = {
			isa = PBXGroup;
			children = (
				7B3565581CE922DE00012CA9 /* NavigationControllerBase.swift */,
				7BC6BE5B1CFD060500664803 /* ValuePickerViewController.swift */,
			);
			name = Common;
			sourceTree = "<group>";
		};
		7BB2A7D71CCC18B000AD636D /* Posts */ = {
			isa = PBXGroup;
			children = (
				61C6F9011D3BEC150030CC81 /* wizard */,
				7BC0A22E1CCC160C00DA2824 /* SearchViewController.swift */,
				7BC0A22F1CCC160C00DA2824 /* PostsViewController.swift */,
				7BB2A7D81CCC18D200AD636D /* PostsTableViewCell.swift */,
				7BB2A7ED1CCC73B700AD636D /* PostDetailsViewController.swift */,
				7BB2A7F31CCD17A000AD636D /* ImagesScrollViewDelegate.swift */,
				7BB2A8041CCDA58C00AD636D /* NewPostViewController.swift */,
				7B26B08D1CD564E1000495EE /* MyPostsViewController.swift */,
				61EA5DA21D47559600083361 /* PhotosViewController.swift */,
				7B26B0BA1CD655C2000495EE /* DescriptionViewController.swift */,
				6105C6ED1D3F970500E83D29 /* MyPostDetailsViewController.swift */,
				7B26B1A21CD694A0000495EE /* StaticLocationViewController.swift */,
				7B26B1A81CD6DDA8000495EE /* SmallImageView.swift */,
				7B26B1AE1CD99D25000495EE /* NewSearchViewController.swift */,
				7B1C123F1D0CC19C001355AB /* ErrorCell.swift */,
			);
			name = Posts;
			sourceTree = "<group>";
		};
		7BB2A7DD1CCC1BDD00AD636D /* Data */ = {
			isa = PBXGroup;
			children = (
				7B35648F1CDAFDC300012CA9 /* Proxies */,
				7BB2A7E21CCC21A200AD636D /* Objects */,
				7BB2A7DE1CCC1BF900AD636D /* ConnectionHandler.swift */,
				7BB2A7E01CCC217C00AD636D /* PostsCollection.swift */,
				7B0B31701CF127A700029458 /* AccountHandler.swift */,
				7B1C12471D0CD1CA001355AB /* MessagesCollection.swift */,
				7BFFB1011D20445A007CCF87 /* MessagesHandler.swift */,
			);
			name = Data;
			sourceTree = "<group>";
		};
		7BB2A7E21CCC21A200AD636D /* Objects */ = {
			isa = PBXGroup;
			children = (
				7BB2A7DB1CCC19DE00AD636D /* Post.swift */,
				7BB2A7E41CCC431700AD636D /* Image.swift */,
				7BB2A80A1CCF15D000AD636D /* User.swift */,
				7BB2A80E1CCF199D00AD636D /* ProfileDetail.swift */,
				7BB2A8141CD5245500AD636D /* Location.swift */,
				7B3565331CE18A5E00012CA9 /* RegisterUser.swift */,
				7B0B316C1CF10A8200029458 /* Photo.swift */,
				7B0B31721CF4086A00029458 /* PostDetails.swift */,
				7B1C12431D0CCDD7001355AB /* Chat.swift */,
				7B1C12451D0CCEA0001355AB /* Message.swift */,
				7BFFB0FF1D2042DA007CCF87 /* MessageToSend.swift */,
			);
			name = Objects;
			sourceTree = "<group>";
		};
		7BB2A7E31CCC2B3800AD636D /* Core */ = {
			isa = PBXGroup;
			children = (
				7B3565531CE8311100012CA9 /* DictionaryInitilizable.swift */,
				7BB2A7EB1CCC58D600AD636D /* ImageCachingHandler.swift */,
				7BB2A7F71CCD8EC500AD636D /* Extensions.swift */,
				7BB2A8061CCF0EBC00AD636D /* ThreadHelper.swift */,
				7B26B0961CD5BF1C000495EE /* ConstantValuesHandler.swift */,
				7B26B0BC1CD65652000495EE /* KeyboardManager.swift */,
				7B26B19E1CD688B7000495EE /* LocationHandler.swift */,
				7B26B1A61CD6D72E000495EE /* ImagePickerHandler.swift */,
				7B35652F1CDD95F900012CA9 /* CustomPhoto.swift */,
				7B3565311CE1747500012CA9 /* ResponseHelper.swift */,
				7B35654D1CE7CCAF00012CA9 /* UIViewControllerExtensions.swift */,
				7B35654F1CE7D74400012CA9 /* NotificationManager.swift */,
				7B35655A1CE9259E00012CA9 /* MessagesProvider.swift */,
				7B35655E1CE92C1F00012CA9 /* Reachability.swift */,
				7B3565601CE93E0800012CA9 /* CachingHandler.swift */,
				7B86FFD81D3BFAB7008343B3 /* PushNotificationsHandler.swift */,
			);
			name = Core;
			sourceTree = "<group>";
		};
		7BB2A7FF1CCD967300AD636D /* Settings */ = {
			isa = PBXGroup;
			children = (
				7BC0A22D1CCC160C00DA2824 /* SettingsTableViewController.swift */,
				7BB2A8001CCD96C000AD636D /* LogInViewController.swift */,
				7BB2A8021CCDA15500AD636D /* RegisterViewController.swift */,
				7BB2A8121CD30AD700AD636D /* ProfileViewController.swift */,
			);
			name = Settings;
			sourceTree = "<group>";
		};
		7BC0A20F1CCC15E700DA2824 = {
			isa = PBXGroup;
			children = (
				7BC0A2351CCC163600DA2824 /* Resources */,
				7BC0A21A1CCC15E700DA2824 /* Shiners */,
				7BC0A2191CCC15E700DA2824 /* Products */,
				FDC5E51674789C2348BFABE5 /* Frameworks */,
				518B03E116AE384297350BB0 /* Pods */,
			);
			sourceTree = "<group>";
		};
		7BC0A2191CCC15E700DA2824 /* Products */ = {
			isa = PBXGroup;
			children = (
				7BC0A2181CCC15E700DA2824 /* Shiners.app */,
			);
			name = Products;
			sourceTree = "<group>";
		};
		7BC0A21A1CCC15E700DA2824 /* Shiners */ = {
			isa = PBXGroup;
			children = (
				7B3565461CE7B9A100012CA9 /* UI */,
				7BB2A7E31CCC2B3800AD636D /* Core */,
				7BB2A7DD1CCC1BDD00AD636D /* Data */,
				7BC0A2331CCC161A00DA2824 /* Main.storyboard */,
				6105C6E91D3F958700E83D29 /* GradientViewPostDetailsScrollView.swift */,
				7BC0A21B1CCC15E700DA2824 /* AppDelegate.swift */,
				7BC0A21D1CCC15E700DA2824 /* MainViewController.swift */,
				7BC0A2221CCC15E700DA2824 /* Assets.xcassets */,
				7BC0A2241CCC15E700DA2824 /* LaunchScreen.storyboard */,
				7BC0A2271CCC15E700DA2824 /* Info.plist */,
			);
			path = Shiners;
			sourceTree = "<group>";
		};
		7BC0A2351CCC163600DA2824 /* Resources */ = {
			isa = PBXGroup;
			children = (
				7B35653D1CE42F8700012CA9 /* add-30.png */,
				7B26B1AA1CD6DE52000495EE /* cancel.png */,
				7B26B0911CD567D9000495EE /* list_32.png */,
				7BB2A81A1CD53BF500AD636D /* vk.png */,
				7BB2A8181CD53BC200AD636D /* twitter.png */,
				7BB2A8161CD53B9600AD636D /* facebook.png */,
				7BB2A7FD1CCD953B00AD636D /* show_offliners.png */,
				7BB2A7F91CCD91CD00AD636D /* eye.png */,
				7BB2A7F11CCD125800AD636D /* message.png */,
				7BB2A7E91CCC4DCF00AD636D /* clipping_picture.png */,
				7BC0A2361CCC164100DA2824 /* lock_open.png */,
				7BC0A2371CCC164100DA2824 /* lock_closed.png */,
				7BC0A2381CCC164100DA2824 /* 0cc95ddb-5d08-bb5b-4ab3-73ad6ca7eef4.png */,
				7BC0A2391CCC164100DA2824 /* 4e8d07ec-1f6d-a5d6-31d0-cc32f7305464.png */,
				7BC0A23A1CCC164100DA2824 /* fdd6dfea-3666-5d7f-10ca-9dcac031634f.png */,
				7BC0A23B1CCC164100DA2824 /* home.png */,
				7BC0A23C1CCC164100DA2824 /* id-card.png */,
			);
			name = Resources;
			sourceTree = "<group>";
		};
		FDC5E51674789C2348BFABE5 /* Frameworks */ = {
			isa = PBXGroup;
			children = (
				7BFFB1031D2081CE007CCF87 /* FBSDKCoreKit.framework */,
				7BFFB1041D2081CE007CCF87 /* FBSDKLoginKit.framework */,
				7BFFB1051D2081CE007CCF87 /* FBSDKShareKit.framework */,
				7B26B1A01CD693D5000495EE /* MapKit.framework */,
				FB11C1D7A4B55954320FBCF1 /* Pods.framework */,
				643ABEB340B81A6AB08AFEC7 /* Pods_Shiners.framework */,
			);
			name = Frameworks;
			sourceTree = "<group>";
		};
/* End PBXGroup section */

/* Begin PBXNativeTarget section */
		7BC0A2171CCC15E700DA2824 /* Shiners */ = {
			isa = PBXNativeTarget;
			buildConfigurationList = 7BC0A22A1CCC15E700DA2824 /* Build configuration list for PBXNativeTarget "Shiners" */;
			buildPhases = (
				A0996CEAFF48ECB154BA4099 /* [CP] Check Pods Manifest.lock */,
				7BC0A2141CCC15E700DA2824 /* Sources */,
				7BC0A2151CCC15E700DA2824 /* Frameworks */,
				7BC0A2161CCC15E700DA2824 /* Resources */,
				09482BD296F09D7D4CA53805 /* [CP] Embed Pods Frameworks */,
				8185FFD61FD13A31C2A35F16 /* [CP] Copy Pods Resources */,
			);
			buildRules = (
			);
			dependencies = (
			);
			name = Shiners;
			productName = Shiners;
			productReference = 7BC0A2181CCC15E700DA2824 /* Shiners.app */;
			productType = "com.apple.product-type.application";
		};
/* End PBXNativeTarget section */

/* Begin PBXProject section */
		7BC0A2101CCC15E700DA2824 /* Project object */ = {
			isa = PBXProject;
			attributes = {
				LastSwiftUpdateCheck = 0730;
				LastUpgradeCheck = 0730;
				ORGANIZATIONNAME = "Involve IT, Inc.";
				TargetAttributes = {
					7BC0A2171CCC15E700DA2824 = {
						CreatedOnToolsVersion = 7.3;
						DevelopmentTeam = L37DAD4AS6;
						SystemCapabilities = {
							com.apple.BackgroundModes = {
								enabled = 1;
							};
							com.apple.Maps.iOS = {
								enabled = 1;
							};
							com.apple.Push = {
								enabled = 1;
							};
						};
					};
				};
			};
			buildConfigurationList = 7BC0A2131CCC15E700DA2824 /* Build configuration list for PBXProject "Shiners" */;
			compatibilityVersion = "Xcode 3.2";
			developmentRegion = English;
			hasScannedForEncodings = 0;
			knownRegions = (
				en,
				Base,
			);
			mainGroup = 7BC0A20F1CCC15E700DA2824;
			productRefGroup = 7BC0A2191CCC15E700DA2824 /* Products */;
			projectDirPath = "";
			projectRoot = "";
			targets = (
				7BC0A2171CCC15E700DA2824 /* Shiners */,
			);
		};
/* End PBXProject section */

/* Begin PBXResourcesBuildPhase section */
		7BC0A2161CCC15E700DA2824 /* Resources */ = {
			isa = PBXResourcesBuildPhase;
			buildActionMask = 2147483647;
			files = (
				7B35653E1CE42F8700012CA9 /* add-30.png in Resources */,
				7BC0A2261CCC15E700DA2824 /* LaunchScreen.storyboard in Resources */,
				7BC0A2231CCC15E700DA2824 /* Assets.xcassets in Resources */,
				7BC0A2421CCC164100DA2824 /* home.png in Resources */,
				7BB2A7EA1CCC4DCF00AD636D /* clipping_picture.png in Resources */,
				7BC0A23D1CCC164100DA2824 /* lock_open.png in Resources */,
				7BC0A23E1CCC164100DA2824 /* lock_closed.png in Resources */,
				7BC0A2341CCC161A00DA2824 /* Main.storyboard in Resources */,
				7B26B1AB1CD6DE52000495EE /* cancel.png in Resources */,
				7BC0A2431CCC164100DA2824 /* id-card.png in Resources */,
				7BC0A2401CCC164100DA2824 /* 4e8d07ec-1f6d-a5d6-31d0-cc32f7305464.png in Resources */,
				7BB2A8171CD53B9600AD636D /* facebook.png in Resources */,
				7BC0A2411CCC164100DA2824 /* fdd6dfea-3666-5d7f-10ca-9dcac031634f.png in Resources */,
				7BC0A23F1CCC164100DA2824 /* 0cc95ddb-5d08-bb5b-4ab3-73ad6ca7eef4.png in Resources */,
				7BB2A7F21CCD125800AD636D /* message.png in Resources */,
				7BB2A7FA1CCD91CD00AD636D /* eye.png in Resources */,
				7BB2A8191CD53BC200AD636D /* twitter.png in Resources */,
				7BB2A81B1CD53BF500AD636D /* vk.png in Resources */,
				7BB2A7FE1CCD953B00AD636D /* show_offliners.png in Resources */,
				7B26B0921CD567D9000495EE /* list_32.png in Resources */,
			);
			runOnlyForDeploymentPostprocessing = 0;
		};
/* End PBXResourcesBuildPhase section */

/* Begin PBXShellScriptBuildPhase section */
		09482BD296F09D7D4CA53805 /* [CP] Embed Pods Frameworks */ = {
			isa = PBXShellScriptBuildPhase;
			buildActionMask = 2147483647;
			files = (
			);
			inputPaths = (
			);
			name = "[CP] Embed Pods Frameworks";
			outputPaths = (
			);
			runOnlyForDeploymentPostprocessing = 0;
			shellPath = /bin/sh;
			shellScript = "\"${SRCROOT}/Pods/Target Support Files/Pods-Shiners/Pods-Shiners-frameworks.sh\"\n";
			showEnvVarsInLog = 0;
		};
		8185FFD61FD13A31C2A35F16 /* [CP] Copy Pods Resources */ = {
			isa = PBXShellScriptBuildPhase;
			buildActionMask = 2147483647;
			files = (
			);
			inputPaths = (
			);
			name = "[CP] Copy Pods Resources";
			outputPaths = (
			);
			runOnlyForDeploymentPostprocessing = 0;
			shellPath = /bin/sh;
			shellScript = "\"${SRCROOT}/Pods/Target Support Files/Pods-Shiners/Pods-Shiners-resources.sh\"\n";
			showEnvVarsInLog = 0;
		};
		A0996CEAFF48ECB154BA4099 /* [CP] Check Pods Manifest.lock */ = {
			isa = PBXShellScriptBuildPhase;
			buildActionMask = 2147483647;
			files = (
			);
			inputPaths = (
			);
			name = "[CP] Check Pods Manifest.lock";
			outputPaths = (
			);
			runOnlyForDeploymentPostprocessing = 0;
			shellPath = /bin/sh;
			shellScript = "diff \"${PODS_ROOT}/../Podfile.lock\" \"${PODS_ROOT}/Manifest.lock\" > /dev/null\nif [[ $? != 0 ]] ; then\n    cat << EOM\nerror: The sandbox is not in sync with the Podfile.lock. Run 'pod install' or update your CocoaPods installation.\nEOM\n    exit 1\nfi\n";
			showEnvVarsInLog = 0;
		};
/* End PBXShellScriptBuildPhase section */

/* Begin PBXSourcesBuildPhase section */
		7BC0A2141CCC15E700DA2824 /* Sources */ = {
			isa = PBXSourcesBuildPhase;
			buildActionMask = 2147483647;
			files = (
				7BFFB1001D2042DA007CCF87 /* MessageToSend.swift in Sources */,
				6105C6EA1D3F958700E83D29 /* GradientViewPostDetailsScrollView.swift in Sources */,
				7B0B316D1CF10A8200029458 /* Photo.swift in Sources */,
				7BB2A7E11CCC217C00AD636D /* PostsCollection.swift in Sources */,
				7B1C12421D0CCCE9001355AB /* MessagesProxy.swift in Sources */,
				7BB2A7F41CCD17A000AD636D /* ImagesScrollViewDelegate.swift in Sources */,
				7B3565611CE93E0800012CA9 /* CachingHandler.swift in Sources */,
				7B35655B1CE9259E00012CA9 /* MessagesProvider.swift in Sources */,
				7BB2A7DF1CCC1BF900AD636D /* ConnectionHandler.swift in Sources */,
				7B3565451CE7B99C00012CA9 /* MessagesTableViewCell.swift in Sources */,
				7BC0A21E1CCC15E700DA2824 /* MainViewController.swift in Sources */,
				7B3565301CDD95F900012CA9 /* CustomPhoto.swift in Sources */,
				7B26B1AF1CD99D25000495EE /* NewSearchViewController.swift in Sources */,
				7BFFB1021D20445A007CCF87 /* MessagesHandler.swift in Sources */,
				7BB2A80F1CCF199D00AD636D /* ProfileDetail.swift in Sources */,
				7B26B1A91CD6DDA8000495EE /* SmallImageView.swift in Sources */,
				7B0B31731CF4086A00029458 /* PostDetails.swift in Sources */,
				7B26B1A71CD6D72E000495EE /* ImagePickerHandler.swift in Sources */,
				7B26B0971CD5BF1C000495EE /* ConstantValuesHandler.swift in Sources */,
				7B35654A1CE7BE0100012CA9 /* DialogViewController.swift in Sources */,
				7B1C12461D0CCEA0001355AB /* Message.swift in Sources */,
				7B1C12401D0CC19C001355AB /* ErrorCell.swift in Sources */,
				7B3565541CE8311100012CA9 /* DictionaryInitilizable.swift in Sources */,
				61C6F90B1D3BED100030CC81 /* WhenPickDateViewController.swift in Sources */,
				7BC0A21C1CCC15E700DA2824 /* AppDelegate.swift in Sources */,
				7BB2A8071CCF0EBC00AD636D /* ThreadHelper.swift in Sources */,
				7BC0A2311CCC160C00DA2824 /* SearchViewController.swift in Sources */,
				7BB2A7D91CCC18D200AD636D /* PostsTableViewCell.swift in Sources */,
				7BB2A8151CD5245500AD636D /* Location.swift in Sources */,
				7B3565501CE7D74400012CA9 /* NotificationManager.swift in Sources */,
				7B26B0BD1CD65652000495EE /* KeyboardManager.swift in Sources */,
				7BB2A7EC1CCC58D600AD636D /* ImageCachingHandler.swift in Sources */,
				7B3565341CE18A5E00012CA9 /* RegisterUser.swift in Sources */,
				7B3565521CE7DF5A00012CA9 /* PostsProxy.swift in Sources */,
				7BB2A8011CCD96C000AD636D /* LogInViewController.swift in Sources */,
				7BC0A2301CCC160C00DA2824 /* SettingsTableViewController.swift in Sources */,
				61C6F9081D3BED100030CC81 /* DescriptionPostViewController.swift in Sources */,
				7B3564911CDAFDCE00012CA9 /* UsersProxy.swift in Sources */,
				7B3565321CE1747500012CA9 /* ResponseHelper.swift in Sources */,
				7B26B0BB1CD655C2000495EE /* DescriptionViewController.swift in Sources */,
				7B86FFD91D3BFAB7008343B3 /* PushNotificationsHandler.swift in Sources */,
				7BB2A7DC1CCC19DE00AD636D /* Post.swift in Sources */,
				7B26B0951CD568CB000495EE /* MessagesViewController.swift in Sources */,
				7BB2A8031CCDA15500AD636D /* RegisterViewController.swift in Sources */,
				7B35654E1CE7CCAF00012CA9 /* UIViewControllerExtensions.swift in Sources */,
				61EA5DA31D47559700083361 /* PhotosViewController.swift in Sources */,
				7B1C12481D0CD1CA001355AB /* MessagesCollection.swift in Sources */,
				61C6F9071D3BED100030CC81 /* NewPostNewViewController.swift in Sources */,
				7BB2A8131CD30AD700AD636D /* ProfileViewController.swift in Sources */,
				6105C6EE1D3F970500E83D29 /* MyPostDetailsViewController.swift in Sources */,
				7BB2A7EE1CCC73B700AD636D /* PostDetailsViewController.swift in Sources */,
				7BC6BE5C1CFD060500664803 /* ValuePickerViewController.swift in Sources */,
				7B3565591CE922DE00012CA9 /* NavigationControllerBase.swift in Sources */,
				7BC0A2321CCC160C00DA2824 /* PostsViewController.swift in Sources */,
				7B35655F1CE92C1F00012CA9 /* Reachability.swift in Sources */,
				7B26B19F1CD688B7000495EE /* LocationHandler.swift in Sources */,
				7BB2A7E51CCC431700AD636D /* Image.swift in Sources */,
				7B26B08E1CD564E1000495EE /* MyPostsViewController.swift in Sources */,
				61C6F9091D3BED100030CC81 /* TypePostTableViewController.swift in Sources */,
				7BB2A7F81CCD8EC500AD636D /* Extensions.swift in Sources */,
				7BB2A8051CCDA58C00AD636D /* NewPostViewController.swift in Sources */,
				7B1C12441D0CCDD7001355AB /* Chat.swift in Sources */,
				61C6F90A1D3BED100030CC81 /* WhereViewController.swift in Sources */,
				7B0B31711CF127A800029458 /* AccountHandler.swift in Sources */,
				7BB2A80B1CCF15D000AD636D /* User.swift in Sources */,
				7B26B1A31CD694A0000495EE /* StaticLocationViewController.swift in Sources */,
			);
			runOnlyForDeploymentPostprocessing = 0;
		};
/* End PBXSourcesBuildPhase section */

/* Begin PBXVariantGroup section */
		7BC0A2241CCC15E700DA2824 /* LaunchScreen.storyboard */ = {
			isa = PBXVariantGroup;
			children = (
				7BC0A2251CCC15E700DA2824 /* Base */,
			);
			name = LaunchScreen.storyboard;
			sourceTree = "<group>";
		};
/* End PBXVariantGroup section */

/* Begin XCBuildConfiguration section */
		7BC0A2281CCC15E700DA2824 /* Debug */ = {
			isa = XCBuildConfiguration;
			buildSettings = {
				ALWAYS_SEARCH_USER_PATHS = NO;
				CLANG_ANALYZER_NONNULL = YES;
				CLANG_CXX_LANGUAGE_STANDARD = "gnu++0x";
				CLANG_CXX_LIBRARY = "libc++";
				CLANG_ENABLE_MODULES = YES;
				CLANG_ENABLE_OBJC_ARC = YES;
				CLANG_WARN_BOOL_CONVERSION = YES;
				CLANG_WARN_CONSTANT_CONVERSION = YES;
				CLANG_WARN_DIRECT_OBJC_ISA_USAGE = YES_ERROR;
				CLANG_WARN_EMPTY_BODY = YES;
				CLANG_WARN_ENUM_CONVERSION = YES;
				CLANG_WARN_INT_CONVERSION = YES;
				CLANG_WARN_OBJC_ROOT_CLASS = YES_ERROR;
				CLANG_WARN_UNREACHABLE_CODE = YES;
				CLANG_WARN__DUPLICATE_METHOD_MATCH = YES;
				"CODE_SIGN_IDENTITY[sdk=iphoneos*]" = "iPhone Developer";
				COPY_PHASE_STRIP = NO;
				DEBUG_INFORMATION_FORMAT = dwarf;
				ENABLE_STRICT_OBJC_MSGSEND = YES;
				ENABLE_TESTABILITY = YES;
				GCC_C_LANGUAGE_STANDARD = gnu99;
				GCC_DYNAMIC_NO_PIC = NO;
				GCC_NO_COMMON_BLOCKS = YES;
				GCC_OPTIMIZATION_LEVEL = 0;
				GCC_PREPROCESSOR_DEFINITIONS = (
					"DEBUG=1",
					"$(inherited)",
				);
				GCC_WARN_64_TO_32_BIT_CONVERSION = YES;
				GCC_WARN_ABOUT_RETURN_TYPE = YES_ERROR;
				GCC_WARN_UNDECLARED_SELECTOR = YES;
				GCC_WARN_UNINITIALIZED_AUTOS = YES_AGGRESSIVE;
				GCC_WARN_UNUSED_FUNCTION = YES;
				GCC_WARN_UNUSED_VARIABLE = YES;
				IPHONEOS_DEPLOYMENT_TARGET = 9.3;
				MTL_ENABLE_DEBUG_INFO = YES;
				ONLY_ACTIVE_ARCH = YES;
				SDKROOT = iphoneos;
				SWIFT_OPTIMIZATION_LEVEL = "-Onone";
				TARGETED_DEVICE_FAMILY = "1,2";
			};
			name = Debug;
		};
		7BC0A2291CCC15E700DA2824 /* Release */ = {
			isa = XCBuildConfiguration;
			buildSettings = {
				ALWAYS_SEARCH_USER_PATHS = NO;
				CLANG_ANALYZER_NONNULL = YES;
				CLANG_CXX_LANGUAGE_STANDARD = "gnu++0x";
				CLANG_CXX_LIBRARY = "libc++";
				CLANG_ENABLE_MODULES = YES;
				CLANG_ENABLE_OBJC_ARC = YES;
				CLANG_WARN_BOOL_CONVERSION = YES;
				CLANG_WARN_CONSTANT_CONVERSION = YES;
				CLANG_WARN_DIRECT_OBJC_ISA_USAGE = YES_ERROR;
				CLANG_WARN_EMPTY_BODY = YES;
				CLANG_WARN_ENUM_CONVERSION = YES;
				CLANG_WARN_INT_CONVERSION = YES;
				CLANG_WARN_OBJC_ROOT_CLASS = YES_ERROR;
				CLANG_WARN_UNREACHABLE_CODE = YES;
				CLANG_WARN__DUPLICATE_METHOD_MATCH = YES;
				"CODE_SIGN_IDENTITY[sdk=iphoneos*]" = "iPhone Distribution";
				COPY_PHASE_STRIP = NO;
				DEBUG_INFORMATION_FORMAT = "dwarf-with-dsym";
				ENABLE_NS_ASSERTIONS = NO;
				ENABLE_STRICT_OBJC_MSGSEND = YES;
				GCC_C_LANGUAGE_STANDARD = gnu99;
				GCC_NO_COMMON_BLOCKS = YES;
				GCC_WARN_64_TO_32_BIT_CONVERSION = YES;
				GCC_WARN_ABOUT_RETURN_TYPE = YES_ERROR;
				GCC_WARN_UNDECLARED_SELECTOR = YES;
				GCC_WARN_UNINITIALIZED_AUTOS = YES_AGGRESSIVE;
				GCC_WARN_UNUSED_FUNCTION = YES;
				GCC_WARN_UNUSED_VARIABLE = YES;
				IPHONEOS_DEPLOYMENT_TARGET = 9.3;
				MTL_ENABLE_DEBUG_INFO = NO;
				SDKROOT = iphoneos;
				TARGETED_DEVICE_FAMILY = "1,2";
				VALIDATE_PRODUCT = YES;
			};
			name = Release;
		};
		7BC0A22B1CCC15E700DA2824 /* Debug */ = {
			isa = XCBuildConfiguration;
			baseConfigurationReference = 1F147896ADC1A887A2D48487 /* Pods-Shiners.debug.xcconfig */;
			buildSettings = {
				ASSETCATALOG_COMPILER_APPICON_NAME = AppIcon;
				CODE_SIGN_IDENTITY = "iPhone Developer";
				FRAMEWORK_SEARCH_PATHS = (
					"$(inherited)",
					"$(PROJECT_DIR)",
				);
				INFOPLIST_FILE = Shiners/Info.plist;
				IPHONEOS_DEPLOYMENT_TARGET = 9.0;
				LD_RUNPATH_SEARCH_PATHS = "$(inherited) @executable_path/Frameworks";
				PRODUCT_BUNDLE_IDENTIFIER = org.buzzar.app;
				PRODUCT_NAME = "$(TARGET_NAME)";
				TARGETED_DEVICE_FAMILY = 1;
			};
			name = Debug;
		};
		7BC0A22C1CCC15E700DA2824 /* Release */ = {
			isa = XCBuildConfiguration;
			baseConfigurationReference = D9E569692E2B1B62B7F114B8 /* Pods-Shiners.release.xcconfig */;
			buildSettings = {
				ASSETCATALOG_COMPILER_APPICON_NAME = AppIcon;
				CODE_SIGN_IDENTITY = "iPhone Distribution";
				FRAMEWORK_SEARCH_PATHS = (
					"$(inherited)",
					"$(PROJECT_DIR)",
				);
				INFOPLIST_FILE = Shiners/Info.plist;
				IPHONEOS_DEPLOYMENT_TARGET = 9.0;
				LD_RUNPATH_SEARCH_PATHS = "$(inherited) @executable_path/Frameworks";
				PRODUCT_BUNDLE_IDENTIFIER = org.buzzar.app;
				PRODUCT_NAME = "$(TARGET_NAME)";
				TARGETED_DEVICE_FAMILY = 1;
			};
			name = Release;
		};
/* End XCBuildConfiguration section */

/* Begin XCConfigurationList section */
		7BC0A2131CCC15E700DA2824 /* Build configuration list for PBXProject "Shiners" */ = {
			isa = XCConfigurationList;
			buildConfigurations = (
				7BC0A2281CCC15E700DA2824 /* Debug */,
				7BC0A2291CCC15E700DA2824 /* Release */,
			);
			defaultConfigurationIsVisible = 0;
			defaultConfigurationName = Release;
		};
		7BC0A22A1CCC15E700DA2824 /* Build configuration list for PBXNativeTarget "Shiners" */ = {
			isa = XCConfigurationList;
			buildConfigurations = (
				7BC0A22B1CCC15E700DA2824 /* Debug */,
				7BC0A22C1CCC15E700DA2824 /* Release */,
			);
			defaultConfigurationIsVisible = 0;
			defaultConfigurationName = Release;
		};
/* End XCConfigurationList section */
	};
	rootObject = 7BC0A2101CCC15E700DA2824 /* Project object */;
}
